# This file is automatically @generated by Cargo.
# It is not intended for manual editing.
version = 3

[[package]]
name = "anyhow"
version = "1.0.89"
source = "registry+https://github.com/rust-lang/crates.io-index"
checksum = "86fdf8605db99b54d3cd748a44c6d04df638eb5dafb219b135d0149bd0db01f6"

[[package]]
name = "boring_rpc_analyzer"
version = "0.0.0"
dependencies = [
 "boring_rpc_parser",
 "boring_rpc_syn",
 "expect-test",
]

[[package]]
name = "boring_rpc_compiler"
version = "0.0.1"
dependencies = [
 "boring_rpc_analyzer",
 "boring_rpc_parser",
 "boring_rpc_printers",
 "boring_rpc_resolver",
 "boring_rpc_syn",
 "boring_rpc_vfs",
 "expect-test",
]

[[package]]
name = "boring_rpc_parser"
version = "0.0.0"
dependencies = [
 "boring_rpc_syn",
 "expect-test",
 "serde",
 "serde_json",
]

[[package]]
name = "boring_rpc_printers"
version = "0.0.0"
dependencies = [
 "boring_rpc_analyzer",
 "expect-test",
 "serde",
 "serde_json",
]

[[package]]
name = "boring_rpc_resolver"
version = "0.0.0"
dependencies = [
 "boring_rpc_parser",
 "boring_rpc_syn",
 "boring_rpc_vfs",
 "expect-test",
]

[[package]]
name = "boring_rpc_syn"
version = "0.0.0"
dependencies = [
 "text-size",
 "ungrammar",
]

[[package]]
name = "boring_rpc_vfs"
version = "0.1.0"

[[package]]
name = "dissimilar"
version = "1.0.9"
source = "registry+https://github.com/rust-lang/crates.io-index"
checksum = "59f8e79d1fbf76bdfbde321e902714bf6c49df88a7dda6fc682fc2979226962d"

[[package]]
name = "expect-test"
version = "1.5.0"
source = "registry+https://github.com/rust-lang/crates.io-index"
checksum = "9e0be0a561335815e06dab7c62e50353134c796e7a6155402a64bcff66b6a5e0"
dependencies = [
 "dissimilar",
 "once_cell",
]

[[package]]
name = "itoa"
version = "1.0.11"
source = "registry+https://github.com/rust-lang/crates.io-index"
checksum = "49f1f14873335454500d59611f1cf4a4b0f786f9ac11f4312a78e4cf2566695b"

[[package]]
name = "memchr"
version = "2.7.4"
source = "registry+https://github.com/rust-lang/crates.io-index"
checksum = "78ca9ab1a0babb1e7d5695e3530886289c18cf2f87ec19a575a0abdce112e3a3"

[[package]]
name = "once_cell"
version = "1.20.2"
source = "registry+https://github.com/rust-lang/crates.io-index"
checksum = "1261fe7e33c73b354eab43b1273a57c8f967d0391e80353e51f764ac02cf6775"

[[package]]
name = "proc-macro2"
version = "1.0.86"
source = "registry+https://github.com/rust-lang/crates.io-index"
checksum = "5e719e8df665df0d1c8fbfd238015744736151d4445ec0836b8e628aae103b77"
dependencies = [
 "unicode-ident",
]

[[package]]
name = "quote"
version = "1.0.37"
source = "registry+https://github.com/rust-lang/crates.io-index"
checksum = "b5b9d34b8991d19d98081b46eacdd8eb58c6f2b201139f7c5f643cc155a633af"
dependencies = [
 "proc-macro2",
]

[[package]]
name = "ryu"
version = "1.0.18"
source = "registry+https://github.com/rust-lang/crates.io-index"
checksum = "f3cb5ba0dc43242ce17de99c180e96db90b235b8a9fdc9543c96d2209116bd9f"

[[package]]
name = "serde"
version = "1.0.210"
source = "registry+https://github.com/rust-lang/crates.io-index"
checksum = "c8e3592472072e6e22e0a54d5904d9febf8508f65fb8552499a1abc7d1078c3a"
dependencies = [
 "serde_derive",
]

[[package]]
name = "serde_derive"
version = "1.0.210"
source = "registry+https://github.com/rust-lang/crates.io-index"
checksum = "243902eda00fad750862fc144cea25caca5e20d615af0a81bee94ca738f1df1f"
dependencies = [
 "proc-macro2",
 "quote",
 "syn",
]

[[package]]
name = "serde_json"
version = "1.0.128"
source = "registry+https://github.com/rust-lang/crates.io-index"
checksum = "6ff5456707a1de34e7e37f2a6fd3d3f808c318259cbd01ab6377795054b483d8"
dependencies = [
 "itoa",
 "memchr",
 "ryu",
 "serde",
]

[[package]]
name = "syn"
version = "2.0.79"
source = "registry+https://github.com/rust-lang/crates.io-index"
checksum = "89132cd0bf050864e1d38dc3bbc07a0eb8e7530af26344d3d2bbbef83499f590"
dependencies = [
 "proc-macro2",
 "quote",
 "unicode-ident",
]

[[package]]
name = "text-size"
version = "1.1.1"
source = "registry+https://github.com/rust-lang/crates.io-index"
checksum = "f18aa187839b2bdb1ad2fa35ead8c4c2976b64e4363c386d45ac0f7ee85c9233"

[[package]]
name = "ungrammar"
version = "1.16.1"
source = "registry+https://github.com/rust-lang/crates.io-index"
checksum = "a3e5df347f0bf3ec1d670aad6ca5c6a1859cd9ea61d2113125794654ccced68f"

[[package]]
name = "unicode-ident"
version = "1.0.13"
source = "registry+https://github.com/rust-lang/crates.io-index"
checksum = "e91b56cd4cadaeb79bbf1a5645f6b4f8dc5bde8834ad5894a8db35fda9efa1fe"

[[package]]
name = "xshell"
version = "0.2.6"
source = "registry+https://github.com/rust-lang/crates.io-index"
checksum = "6db0ab86eae739efd1b054a8d3d16041914030ac4e01cd1dca0cf252fd8b6437"
dependencies = [
 "xshell-macros",
]

[[package]]
name = "xshell-macros"
version = "0.2.6"
source = "registry+https://github.com/rust-lang/crates.io-index"
checksum = "9d422e8e38ec76e2f06ee439ccc765e9c6a9638b9e7c9f2e8255e4d41e8bd852"

[[package]]
name = "xtask"
version = "0.1.0"
dependencies = [
 "anyhow",
 "quote",
 "ungrammar",
 "xshell",
]
